{
  "name": "resin_2",
  "version": "1.0.0",
  "lockfileVersion": 1,
  "requires": true,
  "dependencies": {
    "rythm.js": {
      "version": "2.2.3",
      "resolved": "https://registry.npmjs.org/rythm.js/-/rythm.js-2.2.3.tgz",
      "integrity": "sha512-LN5BbjlIu1/+I8j1pxdB+5oo+Ekjpj5TcuQMI6tph3kPX1z2c+IqdA6NU+XCrICm4/hNvM7ak3GzkHutrsDFow=="
    }
  }
}
